
Microsoft Visual Studio Solution File, Format Version 12.00
# Visual Studio Version 16
VisualStudioVersion = 16.0.32002.261
MinimumVisualStudioVersion = 10.0.40219.1
Project("{8BC9CEB8-8B4A-11D0-8D11-00A0C91BC942}") = "Chapter1-HelloTemplate", "Chapter1-HelloTemplate\Chapter1-HelloTemplate.vcxproj", "{52320989-C8EB-4804-81F3-BF96E3EACE3F}"
EndProject
Project("{8BC9CEB8-8B4A-11D0-8D11-00A0C91BC942}") = "Chapter2-TemplateFunction", "Chapter2-TemplateFunction\Chapter2-TemplateFunction.vcxproj", "{245C77FD-0A20-48C7-97C2-0E8857A6B49A}"
EndProject
Global
	GlobalSection(SolutionConfigurationPlatforms) = preSolution
		Debug|x64 = Debug|x64
		Debug|x86 = Debug|x86
		Release|x64 = Release|x64
		Release|x86 = Release|x86
	EndGlobalSection
	GlobalSection(ProjectConfigurationPlatforms) = postSolution
		{52320989-C8EB-4804-81F3-BF96E3EACE3F}.Debug|x64.ActiveCfg = Debug|x64
		{52320989-C8EB-4804-81F3-BF96E3EACE3F}.Debug|x64.Build.0 = Debug|x64
		{52320989-C8EB-4804-81F3-BF96E3EACE3F}.Debug|x86.ActiveCfg = Debug|Win32
		{52320989-C8EB-4804-81F3-BF96E3EACE3F}.Debug|x86.Build.0 = Debug|Win32
		{52320989-C8EB-4804-81F3-BF96E3EACE3F}.Release|x64.ActiveCfg = Release|x64
		{52320989-C8EB-4804-81F3-BF96E3EACE3F}.Release|x64.Build.0 = Release|x64
		{52320989-C8EB-4804-81F3-BF96E3EACE3F}.Release|x86.ActiveCfg = Release|Win32
		{52320989-C8EB-4804-81F3-BF96E3EACE3F}.Release|x86.Build.0 = Release|Win32
		{245C77FD-0A20-48C7-97C2-0E8857A6B49A}.Debug|x64.ActiveCfg = Debug|x64
		{245C77FD-0A20-48C7-97C2-0E8857A6B49A}.Debug|x64.Build.0 = Debug|x64
		{245C77FD-0A20-48C7-97C2-0E8857A6B49A}.Debug|x86.ActiveCfg = Debug|Win32
		{245C77FD-0A20-48C7-97C2-0E8857A6B49A}.Debug|x86.Build.0 = Debug|Win32
		{245C77FD-0A20-48C7-97C2-0E8857A6B49A}.Release|x64.ActiveCfg = Release|x64
		{245C77FD-0A20-48C7-97C2-0E8857A6B49A}.Release|x64.Build.0 = Release|x64
		{245C77FD-0A20-48C7-97C2-0E8857A6B49A}.Release|x86.ActiveCfg = Release|Win32
		{245C77FD-0A20-48C7-97C2-0E8857A6B49A}.Release|x86.Build.0 = Release|Win32
	EndGlobalSection
	GlobalSection(SolutionProperties) = preSolution
		HideSolutionNode = FALSE
	EndGlobalSection
	GlobalSection(ExtensibilityGlobals) = postSolution
		SolutionGuid = {E24B9D70-0556-4BA9-923C-5D3BF5DC3308}
	EndGlobalSection
EndGlobal
